// !$*UTF8*$!
{
	archiveVersion = 1;
	classes = {
	};
	objectVersion = 51;
	objects = {

/* Begin PBXBuildFile section */
		26CB6ABE690EAF35907EFB63 /* Pods_covid_19.framework in Frameworks */ = {isa = PBXBuildFile; fileRef = 360735613F34F0FD39F10C91 /* Pods_covid_19.framework */; };
		A92EF82025C2DD23005D458A /* covid-19.xcdatamodeld in Sources */ = {isa = PBXBuildFile; fileRef = A92EF81E25C2DD23005D458A /* covid-19.xcdatamodeld */; };
		A936F5CA24C6FC7700C4F810 /* AppDelegate.swift in Sources */ = {isa = PBXBuildFile; fileRef = A936F5C924C6FC7700C4F810 /* AppDelegate.swift */; };
		A936F5CC24C6FC7700C4F810 /* SceneDelegate.swift in Sources */ = {isa = PBXBuildFile; fileRef = A936F5CB24C6FC7700C4F810 /* SceneDelegate.swift */; };
		A936F5D124C6FC7700C4F810 /* Main.storyboard in Resources */ = {isa = PBXBuildFile; fileRef = A936F5CF24C6FC7700C4F810 /* Main.storyboard */; };
		A936F5D624C6FC7900C4F810 /* Assets.xcassets in Resources */ = {isa = PBXBuildFile; fileRef = A936F5D524C6FC7900C4F810 /* Assets.xcassets */; };
		A936F5D924C6FC7900C4F810 /* LaunchScreen.storyboard in Resources */ = {isa = PBXBuildFile; fileRef = A936F5D724C6FC7900C4F810 /* LaunchScreen.storyboard */; };
		A95AEF66250AAF4D00112E03 /* CountryDataModel.swift in Sources */ = {isa = PBXBuildFile; fileRef = A95AEF65250AAF4D00112E03 /* CountryDataModel.swift */; };
		A95AEF68250AB1C400112E03 /* CountryDataModelObject.swift in Sources */ = {isa = PBXBuildFile; fileRef = A95AEF67250AB1C400112E03 /* CountryDataModelObject.swift */; };
		A95AEF6B250B695600112E03 /* CurrentCountryTableViewCell.swift in Sources */ = {isa = PBXBuildFile; fileRef = A95AEF69250B695600112E03 /* CurrentCountryTableViewCell.swift */; };
		A95AEF6C250B695600112E03 /* CurrentCountryTableViewCell.xib in Resources */ = {isa = PBXBuildFile; fileRef = A95AEF6A250B695600112E03 /* CurrentCountryTableViewCell.xib */; };
		A95AEF6F250B705B00112E03 /* WorldStatsTableViewCell.swift in Sources */ = {isa = PBXBuildFile; fileRef = A95AEF6D250B705B00112E03 /* WorldStatsTableViewCell.swift */; };
		A95AEF70250B705B00112E03 /* WorldStatsTableViewCell.xib in Resources */ = {isa = PBXBuildFile; fileRef = A95AEF6E250B705B00112E03 /* WorldStatsTableViewCell.xib */; };
		A95AEF72250B798C00112E03 /* WorldDataModel.swift in Sources */ = {isa = PBXBuildFile; fileRef = A95AEF71250B798C00112E03 /* WorldDataModel.swift */; };
		A95AEF74250B799800112E03 /* WorldDataModelObject.swift in Sources */ = {isa = PBXBuildFile; fileRef = A95AEF73250B799800112E03 /* WorldDataModelObject.swift */; };
		A960EFAE25B9B60300C7E1B0 /* FormatterExtension.swift in Sources */ = {isa = PBXBuildFile; fileRef = A960EFAD25B9B60300C7E1B0 /* FormatterExtension.swift */; };
		A960EFB125B9B61F00C7E1B0 /* NumericExtension.swift in Sources */ = {isa = PBXBuildFile; fileRef = A960EFB025B9B61F00C7E1B0 /* NumericExtension.swift */; };
		A961EBC325D0183A00DD1E3C /* LineView.swift in Sources */ = {isa = PBXBuildFile; fileRef = A961EBC225D0183A00DD1E3C /* LineView.swift */; };
		A97698EB24C7021800C96FD2 /* MainTableViewController.swift in Sources */ = {isa = PBXBuildFile; fileRef = A97698EA24C7021800C96FD2 /* MainTableViewController.swift */; };
		A97698EF24C7038E00C96FD2 /* CountryTableViewCell.swift in Sources */ = {isa = PBXBuildFile; fileRef = A97698ED24C7038E00C96FD2 /* CountryTableViewCell.swift */; };
		A97698F024C7038E00C96FD2 /* CountryTableViewCell.xib in Resources */ = {isa = PBXBuildFile; fileRef = A97698EE24C7038E00C96FD2 /* CountryTableViewCell.xib */; };
		A9AA2AD0250A0E4B00B2B102 /* NetworkManager.swift in Sources */ = {isa = PBXBuildFile; fileRef = A9AA2ACF250A0E4B00B2B102 /* NetworkManager.swift */; };
		A9AA2AD2250A0E6800B2B102 /* NetworkManagerImplementation.swift in Sources */ = {isa = PBXBuildFile; fileRef = A9AA2AD1250A0E6800B2B102 /* NetworkManagerImplementation.swift */; };
		A9AA2AD5250A0ECD00B2B102 /* Constants.swift in Sources */ = {isa = PBXBuildFile; fileRef = A9AA2AD4250A0ECD00B2B102 /* Constants.swift */; };
		A9AA2AD7250A0ED500B2B102 /* Endpoints.swift in Sources */ = {isa = PBXBuildFile; fileRef = A9AA2AD6250A0ED500B2B102 /* Endpoints.swift */; };
		A9AA2AD9250A0F8900B2B102 /* CountryModel.swift in Sources */ = {isa = PBXBuildFile; fileRef = A9AA2AD8250A0F8900B2B102 /* CountryModel.swift */; };
		A9AA2ADE250A547900B2B102 /* CountryModelObject.swift in Sources */ = {isa = PBXBuildFile; fileRef = A9AA2ADD250A547900B2B102 /* CountryModelObject.swift */; };
		A9AA2AE0250A5C2000B2B102 /* SelectingViewController.swift in Sources */ = {isa = PBXBuildFile; fileRef = A9AA2ADF250A5C2000B2B102 /* SelectingViewController.swift */; };
		A9BE147125C2DC360073AF7E /* LocalDataManagerImplementation.swift in Sources */ = {isa = PBXBuildFile; fileRef = A9BE147025C2DC360073AF7E /* LocalDataManagerImplementation.swift */; };
		A9DD1B7825D0056600DADAD8 /* NewsModel.swift in Sources */ = {isa = PBXBuildFile; fileRef = A9DD1B7725D0056600DADAD8 /* NewsModel.swift */; };
		A9DD1B8325D008EB00DADAD8 /* NewsTableViewController.swift in Sources */ = {isa = PBXBuildFile; fileRef = A9DD1B8225D008EB00DADAD8 /* NewsTableViewController.swift */; };
		A9DD1B8C25D009C600DADAD8 /* NewsTableViewCell.swift in Sources */ = {isa = PBXBuildFile; fileRef = A9DD1B8A25D009C600DADAD8 /* NewsTableViewCell.swift */; };
		A9DD1B8D25D009C600DADAD8 /* NewsTableViewCell.xib in Resources */ = {isa = PBXBuildFile; fileRef = A9DD1B8B25D009C600DADAD8 /* NewsTableViewCell.xib */; };
/* End PBXBuildFile section */

/* Begin PBXFileReference section */
		0485701249994B65C17A876D /* Pods-covid-19.release.xcconfig */ = {isa = PBXFileReference; includeInIndex = 1; lastKnownFileType = text.xcconfig; name = "Pods-covid-19.release.xcconfig"; path = "Target Support Files/Pods-covid-19/Pods-covid-19.release.xcconfig"; sourceTree = "<group>"; };
		360735613F34F0FD39F10C91 /* Pods_covid_19.framework */ = {isa = PBXFileReference; explicitFileType = wrapper.framework; includeInIndex = 0; path = Pods_covid_19.framework; sourceTree = BUILT_PRODUCTS_DIR; };
		6C4F788FE976D8DFE0B9A4A4 /* Pods-covid-19.debug.xcconfig */ = {isa = PBXFileReference; includeInIndex = 1; lastKnownFileType = text.xcconfig; name = "Pods-covid-19.debug.xcconfig"; path = "Target Support Files/Pods-covid-19/Pods-covid-19.debug.xcconfig"; sourceTree = "<group>"; };
		A92EF81F25C2DD23005D458A /* covid-19.xcdatamodel */ = {isa = PBXFileReference; lastKnownFileType = wrapper.xcdatamodel; path = "covid-19.xcdatamodel"; sourceTree = "<group>"; };
		A936F5C624C6FC7700C4F810 /* covid-19.app */ = {isa = PBXFileReference; explicitFileType = wrapper.application; includeInIndex = 0; path = "covid-19.app"; sourceTree = BUILT_PRODUCTS_DIR; };
		A936F5C924C6FC7700C4F810 /* AppDelegate.swift */ = {isa = PBXFileReference; lastKnownFileType = sourcecode.swift; path = AppDelegate.swift; sourceTree = "<group>"; };
		A936F5CB24C6FC7700C4F810 /* SceneDelegate.swift */ = {isa = PBXFileReference; lastKnownFileType = sourcecode.swift; path = SceneDelegate.swift; sourceTree = "<group>"; };
		A936F5D024C6FC7700C4F810 /* Base */ = {isa = PBXFileReference; lastKnownFileType = file.storyboard; name = Base; path = Base.lproj/Main.storyboard; sourceTree = "<group>"; };
		A936F5D524C6FC7900C4F810 /* Assets.xcassets */ = {isa = PBXFileReference; lastKnownFileType = folder.assetcatalog; path = Assets.xcassets; sourceTree = "<group>"; };
		A936F5D824C6FC7900C4F810 /* Base */ = {isa = PBXFileReference; lastKnownFileType = file.storyboard; name = Base; path = Base.lproj/LaunchScreen.storyboard; sourceTree = "<group>"; };
		A936F5DA24C6FC7900C4F810 /* Info.plist */ = {isa = PBXFileReference; lastKnownFileType = text.plist.xml; path = Info.plist; sourceTree = "<group>"; };
		A95AEF65250AAF4D00112E03 /* CountryDataModel.swift */ = {isa = PBXFileReference; lastKnownFileType = sourcecode.swift; path = CountryDataModel.swift; sourceTree = "<group>"; };
		A95AEF67250AB1C400112E03 /* CountryDataModelObject.swift */ = {isa = PBXFileReference; lastKnownFileType = sourcecode.swift; path = CountryDataModelObject.swift; sourceTree = "<group>"; };
		A95AEF69250B695600112E03 /* CurrentCountryTableViewCell.swift */ = {isa = PBXFileReference; lastKnownFileType = sourcecode.swift; path = CurrentCountryTableViewCell.swift; sourceTree = "<group>"; };
		A95AEF6A250B695600112E03 /* CurrentCountryTableViewCell.xib */ = {isa = PBXFileReference; lastKnownFileType = file.xib; path = CurrentCountryTableViewCell.xib; sourceTree = "<group>"; };
		A95AEF6D250B705B00112E03 /* WorldStatsTableViewCell.swift */ = {isa = PBXFileReference; lastKnownFileType = sourcecode.swift; path = WorldStatsTableViewCell.swift; sourceTree = "<group>"; };
		A95AEF6E250B705B00112E03 /* WorldStatsTableViewCell.xib */ = {isa = PBXFileReference; lastKnownFileType = file.xib; path = WorldStatsTableViewCell.xib; sourceTree = "<group>"; };
		A95AEF71250B798C00112E03 /* WorldDataModel.swift */ = {isa = PBXFileReference; lastKnownFileType = sourcecode.swift; path = WorldDataModel.swift; sourceTree = "<group>"; };
		A95AEF73250B799800112E03 /* WorldDataModelObject.swift */ = {isa = PBXFileReference; lastKnownFileType = sourcecode.swift; path = WorldDataModelObject.swift; sourceTree = "<group>"; };
		A960EFAD25B9B60300C7E1B0 /* FormatterExtension.swift */ = {isa = PBXFileReference; lastKnownFileType = sourcecode.swift; path = FormatterExtension.swift; sourceTree = "<group>"; };
		A960EFB025B9B61F00C7E1B0 /* NumericExtension.swift */ = {isa = PBXFileReference; lastKnownFileType = sourcecode.swift; path = NumericExtension.swift; sourceTree = "<group>"; };
		A961EBC225D0183A00DD1E3C /* LineView.swift */ = {isa = PBXFileReference; lastKnownFileType = sourcecode.swift; path = LineView.swift; sourceTree = "<group>"; };
		A97698EA24C7021800C96FD2 /* MainTableViewController.swift */ = {isa = PBXFileReference; lastKnownFileType = sourcecode.swift; path = MainTableViewController.swift; sourceTree = "<group>"; };
		A97698ED24C7038E00C96FD2 /* CountryTableViewCell.swift */ = {isa = PBXFileReference; lastKnownFileType = sourcecode.swift; path = CountryTableViewCell.swift; sourceTree = "<group>"; };
		A97698EE24C7038E00C96FD2 /* CountryTableViewCell.xib */ = {isa = PBXFileReference; lastKnownFileType = file.xib; path = CountryTableViewCell.xib; sourceTree = "<group>"; };
		A9AA2ACF250A0E4B00B2B102 /* NetworkManager.swift */ = {isa = PBXFileReference; lastKnownFileType = sourcecode.swift; path = NetworkManager.swift; sourceTree = "<group>"; };
		A9AA2AD1250A0E6800B2B102 /* NetworkManagerImplementation.swift */ = {isa = PBXFileReference; lastKnownFileType = sourcecode.swift; path = NetworkManagerImplementation.swift; sourceTree = "<group>"; };
		A9AA2AD4250A0ECD00B2B102 /* Constants.swift */ = {isa = PBXFileReference; lastKnownFileType = sourcecode.swift; path = Constants.swift; sourceTree = "<group>"; };
		A9AA2AD6250A0ED500B2B102 /* Endpoints.swift */ = {isa = PBXFileReference; lastKnownFileType = sourcecode.swift; path = Endpoints.swift; sourceTree = "<group>"; };
		A9AA2AD8250A0F8900B2B102 /* CountryModel.swift */ = {isa = PBXFileReference; lastKnownFileType = sourcecode.swift; path = CountryModel.swift; sourceTree = "<group>"; };
		A9AA2ADD250A547900B2B102 /* CountryModelObject.swift */ = {isa = PBXFileReference; lastKnownFileType = sourcecode.swift; path = CountryModelObject.swift; sourceTree = "<group>"; };
		A9AA2ADF250A5C2000B2B102 /* SelectingViewController.swift */ = {isa = PBXFileReference; lastKnownFileType = sourcecode.swift; path = SelectingViewController.swift; sourceTree = "<group>"; };
		A9BE147025C2DC360073AF7E /* LocalDataManagerImplementation.swift */ = {isa = PBXFileReference; lastKnownFileType = sourcecode.swift; path = LocalDataManagerImplementation.swift; sourceTree = "<group>"; };
		A9DD1B7725D0056600DADAD8 /* NewsModel.swift */ = {isa = PBXFileReference; lastKnownFileType = sourcecode.swift; path = NewsModel.swift; sourceTree = "<group>"; };
		A9DD1B8225D008EB00DADAD8 /* NewsTableViewController.swift */ = {isa = PBXFileReference; lastKnownFileType = sourcecode.swift; path = NewsTableViewController.swift; sourceTree = "<group>"; };
		A9DD1B8A25D009C600DADAD8 /* NewsTableViewCell.swift */ = {isa = PBXFileReference; lastKnownFileType = sourcecode.swift; path = NewsTableViewCell.swift; sourceTree = "<group>"; };
		A9DD1B8B25D009C600DADAD8 /* NewsTableViewCell.xib */ = {isa = PBXFileReference; lastKnownFileType = file.xib; path = NewsTableViewCell.xib; sourceTree = "<group>"; };
/* End PBXFileReference section */

/* Begin PBXFrameworksBuildPhase section */
		A936F5C324C6FC7700C4F810 /* Frameworks */ = {
			isa = PBXFrameworksBuildPhase;
			buildActionMask = 2147483647;
			files = (
				26CB6ABE690EAF35907EFB63 /* Pods_covid_19.framework in Frameworks */,
			);
			runOnlyForDeploymentPostprocessing = 0;
		};
/* End PBXFrameworksBuildPhase section */

/* Begin PBXGroup section */
		A936F5BD24C6FC7700C4F810 = {
			isa = PBXGroup;
			children = (
				A936F5C824C6FC7700C4F810 /* covid-19 */,
				A936F5C724C6FC7700C4F810 /* Products */,
				E3EA9D5E1F5DBE0EC731B488 /* Pods */,
				BD71788B98C12A23F6AAA4BC /* Frameworks */,
			);
			sourceTree = "<group>";
		};
		A936F5C724C6FC7700C4F810 /* Products */ = {
			isa = PBXGroup;
			children = (
				A936F5C624C6FC7700C4F810 /* covid-19.app */,
			);
			name = Products;
			sourceTree = "<group>";
		};
		A936F5C824C6FC7700C4F810 /* covid-19 */ = {
			isa = PBXGroup;
			children = (
				A9AA2AD3250A0E8400B2B102 /* Services */,
				A9AA2ADA250A4E7600B2B102 /* Model */,
				A97698EC24C7033F00C96FD2 /* View */,
				A936F5C924C6FC7700C4F810 /* AppDelegate.swift */,
				A936F5CB24C6FC7700C4F810 /* SceneDelegate.swift */,
				A936F5CF24C6FC7700C4F810 /* Main.storyboard */,
				A936F5D524C6FC7900C4F810 /* Assets.xcassets */,
				A936F5D724C6FC7900C4F810 /* LaunchScreen.storyboard */,
				A936F5DA24C6FC7900C4F810 /* Info.plist */,
				A92EF81E25C2DD23005D458A /* covid-19.xcdatamodeld */,
			);
			path = "covid-19";
			sourceTree = "<group>";
		};
		A95AEF75250BA3B700112E03 /* Cells */ = {
			isa = PBXGroup;
			children = (
				A95AEF69250B695600112E03 /* CurrentCountryTableViewCell.swift */,
				A95AEF6A250B695600112E03 /* CurrentCountryTableViewCell.xib */,
				A97698ED24C7038E00C96FD2 /* CountryTableViewCell.swift */,
				A97698EE24C7038E00C96FD2 /* CountryTableViewCell.xib */,
				A95AEF6D250B705B00112E03 /* WorldStatsTableViewCell.swift */,
				A95AEF6E250B705B00112E03 /* WorldStatsTableViewCell.xib */,
				A9DD1B8A25D009C600DADAD8 /* NewsTableViewCell.swift */,
				A9DD1B8B25D009C600DADAD8 /* NewsTableViewCell.xib */,
			);
			path = Cells;
			sourceTree = "<group>";
		};
		A97698EC24C7033F00C96FD2 /* View */ = {
			isa = PBXGroup;
			children = (
				A9AA2AE1250A5C2D00B2B102 /* ViewControllers */,
				A95AEF75250BA3B700112E03 /* Cells */,
			);
			path = View;
			sourceTree = "<group>";
		};
		A9AA2AD3250A0E8400B2B102 /* Services */ = {
			isa = PBXGroup;
			children = (
				A9BE146D25C2D0F90073AF7E /* Extensions */,
				A9AA2AD4250A0ECD00B2B102 /* Constants.swift */,
				A9AA2AD6250A0ED500B2B102 /* Endpoints.swift */,
				A9AA2ACF250A0E4B00B2B102 /* NetworkManager.swift */,
				A9AA2AD1250A0E6800B2B102 /* NetworkManagerImplementation.swift */,
				A9BE147025C2DC360073AF7E /* LocalDataManagerImplementation.swift */,
			);
			path = Services;
			sourceTree = "<group>";
		};
		A9AA2ADA250A4E7600B2B102 /* Model */ = {
			isa = PBXGroup;
			children = (
				A9AA2AD8250A0F8900B2B102 /* CountryModel.swift */,
				A9AA2ADD250A547900B2B102 /* CountryModelObject.swift */,
				A95AEF65250AAF4D00112E03 /* CountryDataModel.swift */,
				A95AEF67250AB1C400112E03 /* CountryDataModelObject.swift */,
				A95AEF71250B798C00112E03 /* WorldDataModel.swift */,
				A95AEF73250B799800112E03 /* WorldDataModelObject.swift */,
				A9DD1B7725D0056600DADAD8 /* NewsModel.swift */,
			);
			path = Model;
			sourceTree = "<group>";
		};
		A9AA2AE1250A5C2D00B2B102 /* ViewControllers */ = {
			isa = PBXGroup;
			children = (
				A9AA2ADF250A5C2000B2B102 /* SelectingViewController.swift */,
				A97698EA24C7021800C96FD2 /* MainTableViewController.swift */,
				A9DD1B8225D008EB00DADAD8 /* NewsTableViewController.swift */,
			);
			path = ViewControllers;
			sourceTree = "<group>";
		};
		A9BE146D25C2D0F90073AF7E /* Extensions */ = {
			isa = PBXGroup;
			children = (
				A960EFAD25B9B60300C7E1B0 /* FormatterExtension.swift */,
				A960EFB025B9B61F00C7E1B0 /* NumericExtension.swift */,
				A961EBC225D0183A00DD1E3C /* LineView.swift */,
			);
			path = Extensions;
			sourceTree = "<group>";
		};
		BD71788B98C12A23F6AAA4BC /* Frameworks */ = {
			isa = PBXGroup;
			children = (
				360735613F34F0FD39F10C91 /* Pods_covid_19.framework */,
			);
			name = Frameworks;
			sourceTree = "<group>";
		};
		E3EA9D5E1F5DBE0EC731B488 /* Pods */ = {
			isa = PBXGroup;
			children = (
				6C4F788FE976D8DFE0B9A4A4 /* Pods-covid-19.debug.xcconfig */,
				0485701249994B65C17A876D /* Pods-covid-19.release.xcconfig */,
			);
			path = Pods;
			sourceTree = "<group>";
		};
/* End PBXGroup section */

/* Begin PBXNativeTarget section */
		A936F5C524C6FC7700C4F810 /* covid-19 */ = {
			isa = PBXNativeTarget;
			buildConfigurationList = A936F5DD24C6FC7900C4F810 /* Build configuration list for PBXNativeTarget "covid-19" */;
			buildPhases = (
				90E6B26DF60DE7C3D970473B /* [CP] Check Pods Manifest.lock */,
				A936F5C224C6FC7700C4F810 /* Sources */,
				A936F5C324C6FC7700C4F810 /* Frameworks */,
				A936F5C424C6FC7700C4F810 /* Resources */,
				73C402F1F14DD1CE8A513800 /* [CP] Embed Pods Frameworks */,
			);
			buildRules = (
			);
			dependencies = (
			);
			name = "covid-19";
			productName = "covid-19";
			productReference = A936F5C624C6FC7700C4F810 /* covid-19.app */;
			productType = "com.apple.product-type.application";
		};
/* End PBXNativeTarget section */

/* Begin PBXProject section */
		A936F5BE24C6FC7700C4F810 /* Project object */ = {
			isa = PBXProject;
			attributes = {
				LastSwiftUpdateCheck = 1160;
				LastUpgradeCheck = 1160;
				ORGANIZATIONNAME = "Сергей Шабельник";
				TargetAttributes = {
					A936F5C524C6FC7700C4F810 = {
						CreatedOnToolsVersion = 11.6;
					};
				};
			};
			buildConfigurationList = A936F5C124C6FC7700C4F810 /* Build configuration list for PBXProject "covid-19" */;
			compatibilityVersion = "Xcode 9.3";
			developmentRegion = en;
			hasScannedForEncodings = 0;
			knownRegions = (
				en,
				Base,
			);
			mainGroup = A936F5BD24C6FC7700C4F810;
			productRefGroup = A936F5C724C6FC7700C4F810 /* Products */;
			projectDirPath = "";
			projectRoot = "";
			targets = (
				A936F5C524C6FC7700C4F810 /* covid-19 */,
			);
		};
/* End PBXProject section */

/* Begin PBXResourcesBuildPhase section */
		A936F5C424C6FC7700C4F810 /* Resources */ = {
			isa = PBXResourcesBuildPhase;
			buildActionMask = 2147483647;
			files = (
				A95AEF70250B705B00112E03 /* WorldStatsTableViewCell.xib in Resources */,
				A97698F024C7038E00C96FD2 /* CountryTableViewCell.xib in Resources */,
				A936F5D924C6FC7900C4F810 /* LaunchScreen.storyboard in Resources */,
				A9DD1B8D25D009C600DADAD8 /* NewsTableViewCell.xib in Resources */,
				A936F5D624C6FC7900C4F810 /* Assets.xcassets in Resources */,
				A936F5D124C6FC7700C4F810 /* Main.storyboard in Resources */,
				A95AEF6C250B695600112E03 /* CurrentCountryTableViewCell.xib in Resources */,
			);
			runOnlyForDeploymentPostprocessing = 0;
		};
/* End PBXResourcesBuildPhase section */

/* Begin PBXShellScriptBuildPhase section */
		73C402F1F14DD1CE8A513800 /* [CP] Embed Pods Frameworks */ = {
			isa = PBXShellScriptBuildPhase;
			buildActionMask = 2147483647;
			files = (
			);
			inputFileListPaths = (
				"${PODS_ROOT}/Target Support Files/Pods-covid-19/Pods-covid-19-frameworks-${CONFIGURATION}-input-files.xcfilelist",
			);
			name = "[CP] Embed Pods Frameworks";
			outputFileListPaths = (
				"${PODS_ROOT}/Target Support Files/Pods-covid-19/Pods-covid-19-frameworks-${CONFIGURATION}-output-files.xcfilelist",
			);
			runOnlyForDeploymentPostprocessing = 0;
			shellPath = /bin/sh;
			shellScript = "\"${PODS_ROOT}/Target Support Files/Pods-covid-19/Pods-covid-19-frameworks.sh\"\n";
			showEnvVarsInLog = 0;
		};
		90E6B26DF60DE7C3D970473B /* [CP] Check Pods Manifest.lock */ = {
			isa = PBXShellScriptBuildPhase;
			buildActionMask = 2147483647;
			files = (
			);
			inputFileListPaths = (
			);
			inputPaths = (
				"${PODS_PODFILE_DIR_PATH}/Podfile.lock",
				"${PODS_ROOT}/Manifest.lock",
			);
			name = "[CP] Check Pods Manifest.lock";
			outputFileListPaths = (
			);
			outputPaths = (
				"$(DERIVED_FILE_DIR)/Pods-covid-19-checkManifestLockResult.txt",
			);
			runOnlyForDeploymentPostprocessing = 0;
			shellPath = /bin/sh;
			shellScript = "diff \"${PODS_PODFILE_DIR_PATH}/Podfile.lock\" \"${PODS_ROOT}/Manifest.lock\" > /dev/null\nif [ $? != 0 ] ; then\n    # print error to STDERR\n    echo \"error: The sandbox is not in sync with the Podfile.lock. Run 'pod install' or update your CocoaPods installation.\" >&2\n    exit 1\nfi\n# This output is used by Xcode 'outputs' to avoid re-running this script phase.\necho \"SUCCESS\" > \"${SCRIPT_OUTPUT_FILE_0}\"\n";
			showEnvVarsInLog = 0;
		};
/* End PBXShellScriptBuildPhase section */

/* Begin PBXSourcesBuildPhase section */
		A936F5C224C6FC7700C4F810 /* Sources */ = {
			isa = PBXSourcesBuildPhase;
			buildActionMask = 2147483647;
			files = (
				A95AEF66250AAF4D00112E03 /* CountryDataModel.swift in Sources */,
				A9DD1B7825D0056600DADAD8 /* NewsModel.swift in Sources */,
				A9AA2AD0250A0E4B00B2B102 /* NetworkManager.swift in Sources */,
				A95AEF6F250B705B00112E03 /* WorldStatsTableViewCell.swift in Sources */,
				A9AA2AE0250A5C2000B2B102 /* SelectingViewController.swift in Sources */,
				A97698EB24C7021800C96FD2 /* MainTableViewController.swift in Sources */,
				A9BE147125C2DC360073AF7E /* LocalDataManagerImplementation.swift in Sources */,
				A960EFB125B9B61F00C7E1B0 /* NumericExtension.swift in Sources */,
				A95AEF6B250B695600112E03 /* CurrentCountryTableViewCell.swift in Sources */,
				A936F5CA24C6FC7700C4F810 /* AppDelegate.swift in Sources */,
				A936F5CC24C6FC7700C4F810 /* SceneDelegate.swift in Sources */,
				A9AA2AD9250A0F8900B2B102 /* CountryModel.swift in Sources */,
				A9AA2AD2250A0E6800B2B102 /* NetworkManagerImplementation.swift in Sources */,
				A961EBC325D0183A00DD1E3C /* LineView.swift in Sources */,
				A97698EF24C7038E00C96FD2 /* CountryTableViewCell.swift in Sources */,
				A9AA2AD7250A0ED500B2B102 /* Endpoints.swift in Sources */,
				A95AEF72250B798C00112E03 /* WorldDataModel.swift in Sources */,
				A95AEF68250AB1C400112E03 /* CountryDataModelObject.swift in Sources */,
				A95AEF74250B799800112E03 /* WorldDataModelObject.swift in Sources */,
				A9AA2AD5250A0ECD00B2B102 /* Constants.swift in Sources */,
				A9DD1B8325D008EB00DADAD8 /* NewsTableViewController.swift in Sources */,
				A9AA2ADE250A547900B2B102 /* CountryModelObject.swift in Sources */,
				A9DD1B8C25D009C600DADAD8 /* NewsTableViewCell.swift in Sources */,
				A960EFAE25B9B60300C7E1B0 /* FormatterExtension.swift in Sources */,
				A92EF82025C2DD23005D458A /* covid-19.xcdatamodeld in Sources */,
			);
			runOnlyForDeploymentPostprocessing = 0;
		};
/* End PBXSourcesBuildPhase section */

/* Begin PBXVariantGroup section */
		A936F5CF24C6FC7700C4F810 /* Main.storyboard */ = {
			isa = PBXVariantGroup;
			children = (
				A936F5D024C6FC7700C4F810 /* Base */,
			);
			name = Main.storyboard;
			sourceTree = "<group>";
		};
		A936F5D724C6FC7900C4F810 /* LaunchScreen.storyboard */ = {
			isa = PBXVariantGroup;
			children = (
				A936F5D824C6FC7900C4F810 /* Base */,
			);
			name = LaunchScreen.storyboard;
			sourceTree = "<group>";
		};
/* End PBXVariantGroup section */

/* Begin XCBuildConfiguration section */
		A936F5DB24C6FC7900C4F810 /* Debug */ = {
			isa = XCBuildConfiguration;
			buildSettings = {
				ALWAYS_SEARCH_USER_PATHS = NO;
				CLANG_ANALYZER_NONNULL = YES;
				CLANG_ANALYZER_NUMBER_OBJECT_CONVERSION = YES_AGGRESSIVE;
				CLANG_CXX_LANGUAGE_STANDARD = "gnu++14";
				CLANG_CXX_LIBRARY = "libc++";
				CLANG_ENABLE_MODULES = YES;
				CLANG_ENABLE_OBJC_ARC = YES;
				CLANG_ENABLE_OBJC_WEAK = YES;
				CLANG_WARN_BLOCK_CAPTURE_AUTORELEASING = YES;
				CLANG_WARN_BOOL_CONVERSION = YES;
				CLANG_WARN_COMMA = YES;
				CLANG_WARN_CONSTANT_CONVERSION = YES;
				CLANG_WARN_DEPRECATED_OBJC_IMPLEMENTATIONS = YES;
				CLANG_WARN_DIRECT_OBJC_ISA_USAGE = YES_ERROR;
				CLANG_WARN_DOCUMENTATION_COMMENTS = YES;
				CLANG_WARN_EMPTY_BODY = YES;
				CLANG_WARN_ENUM_CONVERSION = YES;
				CLANG_WARN_INFINITE_RECURSION = YES;
				CLANG_WARN_INT_CONVERSION = YES;
				CLANG_WARN_NON_LITERAL_NULL_CONVERSION = YES;
				CLANG_WARN_OBJC_IMPLICIT_RETAIN_SELF = YES;
				CLANG_WARN_OBJC_LITERAL_CONVERSION = YES;
				CLANG_WARN_OBJC_ROOT_CLASS = YES_ERROR;
				CLANG_WARN_RANGE_LOOP_ANALYSIS = YES;
				CLANG_WARN_STRICT_PROTOTYPES = YES;
				CLANG_WARN_SUSPICIOUS_MOVE = YES;
				CLANG_WARN_UNGUARDED_AVAILABILITY = YES_AGGRESSIVE;
				CLANG_WARN_UNREACHABLE_CODE = YES;
				CLANG_WARN__DUPLICATE_METHOD_MATCH = YES;
				COPY_PHASE_STRIP = NO;
				DEBUG_INFORMATION_FORMAT = dwarf;
				ENABLE_STRICT_OBJC_MSGSEND = YES;
				ENABLE_TESTABILITY = YES;
				GCC_C_LANGUAGE_STANDARD = gnu11;
				GCC_DYNAMIC_NO_PIC = NO;
				GCC_NO_COMMON_BLOCKS = YES;
				GCC_OPTIMIZATION_LEVEL = 0;
				GCC_PREPROCESSOR_DEFINITIONS = (
					"DEBUG=1",
					"$(inherited)",
				);
				GCC_WARN_64_TO_32_BIT_CONVERSION = YES;
				GCC_WARN_ABOUT_RETURN_TYPE = YES_ERROR;
				GCC_WARN_UNDECLARED_SELECTOR = YES;
				GCC_WARN_UNINITIALIZED_AUTOS = YES_AGGRESSIVE;
				GCC_WARN_UNUSED_FUNCTION = YES;
				GCC_WARN_UNUSED_VARIABLE = YES;
				IPHONEOS_DEPLOYMENT_TARGET = 13.6;
				MTL_ENABLE_DEBUG_INFO = INCLUDE_SOURCE;
				MTL_FAST_MATH = YES;
				ONLY_ACTIVE_ARCH = YES;
				SDKROOT = iphoneos;
				SWIFT_ACTIVE_COMPILATION_CONDITIONS = DEBUG;
				SWIFT_OPTIMIZATION_LEVEL = "-Onone";
			};
			name = Debug;
		};
		A936F5DC24C6FC7900C4F810 /* Release */ = {
			isa = XCBuildConfiguration;
			buildSettings = {
				ALWAYS_SEARCH_USER_PATHS = NO;
				CLANG_ANALYZER_NONNULL = YES;
				CLANG_ANALYZER_NUMBER_OBJECT_CONVERSION = YES_AGGRESSIVE;
				CLANG_CXX_LANGUAGE_STANDARD = "gnu++14";
				CLANG_CXX_LIBRARY = "libc++";
				CLANG_ENABLE_MODULES = YES;
				CLANG_ENABLE_OBJC_ARC = YES;
				CLANG_ENABLE_OBJC_WEAK = YES;
				CLANG_WARN_BLOCK_CAPTURE_AUTORELEASING = YES;
				CLANG_WARN_BOOL_CONVERSION = YES;
				CLANG_WARN_COMMA = YES;
				CLANG_WARN_CONSTANT_CONVERSION = YES;
				CLANG_WARN_DEPRECATED_OBJC_IMPLEMENTATIONS = YES;
				CLANG_WARN_DIRECT_OBJC_ISA_USAGE = YES_ERROR;
				CLANG_WARN_DOCUMENTATION_COMMENTS = YES;
				CLANG_WARN_EMPTY_BODY = YES;
				CLANG_WARN_ENUM_CONVERSION = YES;
				CLANG_WARN_INFINITE_RECURSION = YES;
				CLANG_WARN_INT_CONVERSION = YES;
				CLANG_WARN_NON_LITERAL_NULL_CONVERSION = YES;
				CLANG_WARN_OBJC_IMPLICIT_RETAIN_SELF = YES;
				CLANG_WARN_OBJC_LITERAL_CONVERSION = YES;
				CLANG_WARN_OBJC_ROOT_CLASS = YES_ERROR;
				CLANG_WARN_RANGE_LOOP_ANALYSIS = YES;
				CLANG_WARN_STRICT_PROTOTYPES = YES;
				CLANG_WARN_SUSPICIOUS_MOVE = YES;
				CLANG_WARN_UNGUARDED_AVAILABILITY = YES_AGGRESSIVE;
				CLANG_WARN_UNREACHABLE_CODE = YES;
				CLANG_WARN__DUPLICATE_METHOD_MATCH = YES;
				COPY_PHASE_STRIP = NO;
				DEBUG_INFORMATION_FORMAT = "dwarf-with-dsym";
				ENABLE_NS_ASSERTIONS = NO;
				ENABLE_STRICT_OBJC_MSGSEND = YES;
				GCC_C_LANGUAGE_STANDARD = gnu11;
				GCC_NO_COMMON_BLOCKS = YES;
				GCC_WARN_64_TO_32_BIT_CONVERSION = YES;
				GCC_WARN_ABOUT_RETURN_TYPE = YES_ERROR;
				GCC_WARN_UNDECLARED_SELECTOR = YES;
				GCC_WARN_UNINITIALIZED_AUTOS = YES_AGGRESSIVE;
				GCC_WARN_UNUSED_FUNCTION = YES;
				GCC_WARN_UNUSED_VARIABLE = YES;
				IPHONEOS_DEPLOYMENT_TARGET = 13.6;
				MTL_ENABLE_DEBUG_INFO = NO;
				MTL_FAST_MATH = YES;
				SDKROOT = iphoneos;
				SWIFT_COMPILATION_MODE = wholemodule;
				SWIFT_OPTIMIZATION_LEVEL = "-O";
				VALIDATE_PRODUCT = YES;
			};
			name = Release;
		};
		A936F5DE24C6FC7900C4F810 /* Debug */ = {
			isa = XCBuildConfiguration;
			baseConfigurationReference = 6C4F788FE976D8DFE0B9A4A4 /* Pods-covid-19.debug.xcconfig */;
			buildSettings = {
				ASSETCATALOG_COMPILER_APPICON_NAME = AppIcon;
				CODE_SIGN_STYLE = Automatic;
				DEVELOPMENT_TEAM = 9R79P9XH2G;
				INFOPLIST_FILE = "covid-19/Info.plist";
				LD_RUNPATH_SEARCH_PATHS = (
					"$(inherited)",
					"@executable_path/Frameworks",
				);
				PRODUCT_BUNDLE_IDENTIFIER = "ITIS.covid-19";
				PRODUCT_NAME = "$(TARGET_NAME)";
				SWIFT_VERSION = 5.0;
				TARGETED_DEVICE_FAMILY = "1,2";
			};
			name = Debug;
		};
		A936F5DF24C6FC7900C4F810 /* Release */ = {
			isa = XCBuildConfiguration;
			baseConfigurationReference = 0485701249994B65C17A876D /* Pods-covid-19.release.xcconfig */;
			buildSettings = {
				ASSETCATALOG_COMPILER_APPICON_NAME = AppIcon;
				CODE_SIGN_STYLE = Automatic;
				DEVELOPMENT_TEAM = 9R79P9XH2G;
				INFOPLIST_FILE = "covid-19/Info.plist";
				LD_RUNPATH_SEARCH_PATHS = (
					"$(inherited)",
					"@executable_path/Frameworks",
				);
				PRODUCT_BUNDLE_IDENTIFIER = "ITIS.covid-19";
				PRODUCT_NAME = "$(TARGET_NAME)";
				SWIFT_VERSION = 5.0;
				TARGETED_DEVICE_FAMILY = "1,2";
			};
			name = Release;
		};
/* End XCBuildConfiguration section */

/* Begin XCConfigurationList section */
		A936F5C124C6FC7700C4F810 /* Build configuration list for PBXProject "covid-19" */ = {
			isa = XCConfigurationList;
			buildConfigurations = (
				A936F5DB24C6FC7900C4F810 /* Debug */,
				A936F5DC24C6FC7900C4F810 /* Release */,
			);
			defaultConfigurationIsVisible = 0;
			defaultConfigurationName = Release;
		};
		A936F5DD24C6FC7900C4F810 /* Build configuration list for PBXNativeTarget "covid-19" */ = {
			isa = XCConfigurationList;
			buildConfigurations = (
				A936F5DE24C6FC7900C4F810 /* Debug */,
				A936F5DF24C6FC7900C4F810 /* Release */,
			);
			defaultConfigurationIsVisible = 0;
			defaultConfigurationName = Release;
		};
/* End XCConfigurationList section */

/* Begin XCVersionGroup section */
		A92EF81E25C2DD23005D458A /* covid-19.xcdatamodeld */ = {
			isa = XCVersionGroup;
			children = (
				A92EF81F25C2DD23005D458A /* covid-19.xcdatamodel */,
			);
			currentVersion = A92EF81F25C2DD23005D458A /* covid-19.xcdatamodel */;
			path = "covid-19.xcdatamodeld";
			sourceTree = "<group>";
			versionGroupType = wrapper.xcdatamodel;
		};
/* End XCVersionGroup section */
	};
	rootObject = A936F5BE24C6FC7700C4F810 /* Project object */;
}
